version: 5
environments:
  default:
    channels:
    - url: https://conda.anaconda.org/conda-forge/
    packages:
      linux-64:
      - conda: https://conda.anaconda.org/conda-forge/linux-64/_libgcc_mutex-0.1-conda_forge.tar.bz2
      - conda: https://conda.anaconda.org/conda-forge/linux-64/_openmp_mutex-4.5-2_gnu.tar.bz2
      - conda: https://conda.anaconda.org/conda-forge/linux-64/bzip2-1.0.8-h4bc722e_7.conda
      - conda: https://conda.anaconda.org/conda-forge/linux-64/c-ares-1.32.3-h4bc722e_0.conda
      - conda: https://conda.anaconda.org/conda-forge/linux-64/ca-certificates-2024.7.4-hbcca054_0.conda
      - conda: https://conda.anaconda.org/conda-forge/linux-64/cmake-3.30.1-hf8c4bd3_0.conda
      - conda: https://conda.anaconda.org/conda-forge/linux-64/keyutils-1.6.1-h166bdaf_0.tar.bz2
      - conda: https://conda.anaconda.org/conda-forge/linux-64/krb5-1.21.3-h659f571_0.conda
      - conda: https://conda.anaconda.org/conda-forge/linux-64/libcurl-8.9.1-hdb1bdb2_0.conda
      - conda: https://conda.anaconda.org/conda-forge/linux-64/libedit-3.1.20191231-he28a2e2_2.tar.bz2
      - conda: https://conda.anaconda.org/conda-forge/linux-64/libev-4.33-hd590300_2.conda
      - conda: https://conda.anaconda.org/conda-forge/linux-64/libexpat-2.6.2-h59595ed_0.conda
      - conda: https://conda.anaconda.org/conda-forge/linux-64/libgcc-ng-14.1.0-h77fa898_0.conda
      - conda: https://conda.anaconda.org/conda-forge/linux-64/libgomp-14.1.0-h77fa898_0.conda
      - conda: https://conda.anaconda.org/conda-forge/linux-64/libnghttp2-1.58.0-h47da74e_1.conda
      - conda: https://conda.anaconda.org/conda-forge/linux-64/libssh2-1.11.0-h0841786_0.conda
      - conda: https://conda.anaconda.org/conda-forge/linux-64/libstdcxx-ng-14.1.0-hc0a3c3a_0.conda
      - conda: https://conda.anaconda.org/conda-forge/linux-64/libuv-1.48.0-hd590300_0.conda
      - conda: https://conda.anaconda.org/conda-forge/linux-64/libzlib-1.3.1-h4ab18f5_1.conda
      - conda: https://conda.anaconda.org/conda-forge/linux-64/ncurses-6.5-h59595ed_0.conda
      - conda: https://conda.anaconda.org/conda-forge/linux-64/openssl-3.3.1-h4bc722e_2.conda
      - conda: https://conda.anaconda.org/conda-forge/linux-64/rhash-1.4.4-hd590300_0.conda
      - conda: https://conda.anaconda.org/conda-forge/linux-64/xz-5.2.6-h166bdaf_0.tar.bz2
      - conda: https://conda.anaconda.org/conda-forge/linux-64/zstd-1.5.6-ha6fb4c9_0.conda
      osx-arm64:
      - conda: https://conda.anaconda.org/conda-forge/osx-arm64/bzip2-1.0.8-h99b78c6_7.conda
      - conda: https://conda.anaconda.org/conda-forge/osx-arm64/c-ares-1.32.3-h99b78c6_0.conda
      - conda: https://conda.anaconda.org/conda-forge/osx-arm64/ca-certificates-2024.7.4-hf0a4a13_0.conda
      - conda: https://conda.anaconda.org/conda-forge/osx-arm64/cmake-3.30.1-had79d8f_0.conda
      - conda: https://conda.anaconda.org/conda-forge/osx-arm64/krb5-1.21.3-h237132a_0.conda
      - conda: https://conda.anaconda.org/conda-forge/osx-arm64/libcurl-8.9.1-hfd8ffcc_0.conda
      - conda: https://conda.anaconda.org/conda-forge/osx-arm64/libcxx-18.1.8-h167917d_2.conda
      - conda: https://conda.anaconda.org/conda-forge/osx-arm64/libedit-3.1.20191231-hc8eb9b7_2.tar.bz2
      - conda: https://conda.anaconda.org/conda-forge/osx-arm64/libev-4.33-h93a5062_2.conda
      - conda: https://conda.anaconda.org/conda-forge/osx-arm64/libexpat-2.6.2-hebf3989_0.conda
      - conda: https://conda.anaconda.org/conda-forge/osx-arm64/libnghttp2-1.58.0-ha4dd798_1.conda
      - conda: https://conda.anaconda.org/conda-forge/osx-arm64/libssh2-1.11.0-h7a5bd25_0.conda
      - conda: https://conda.anaconda.org/conda-forge/osx-arm64/libuv-1.48.0-h93a5062_0.conda
      - conda: https://conda.anaconda.org/conda-forge/osx-arm64/libzlib-1.3.1-hfb2fe0b_1.conda
      - conda: https://conda.anaconda.org/conda-forge/osx-arm64/ncurses-6.5-hb89a1cb_0.conda
      - conda: https://conda.anaconda.org/conda-forge/osx-arm64/openssl-3.3.1-hfb2fe0b_2.conda
      - conda: https://conda.anaconda.org/conda-forge/osx-arm64/rhash-1.4.4-hb547adb_0.conda
      - conda: https://conda.anaconda.org/conda-forge/osx-arm64/xz-5.2.6-h57fd34a_0.tar.bz2
      - conda: https://conda.anaconda.org/conda-forge/osx-arm64/zstd-1.5.6-hb46c0d2_0.conda
packages:
- kind: conda
  name: _libgcc_mutex
  version: '0.1'
  build: conda_forge
  subdir: linux-64
  url: https://conda.anaconda.org/conda-forge/linux-64/_libgcc_mutex-0.1-conda_forge.tar.bz2
  sha256: fe51de6107f9edc7aa4f786a70f4a883943bc9d39b3bb7307c04c41410990726
  md5: d7c89558ba9fa0495403155b64376d81
  license: None
  size: 2562
  timestamp: 1578324546067
- kind: conda
  name: _openmp_mutex
  version: '4.5'
  build: 2_gnu
  build_number: 16
  subdir: linux-64
  url: https://conda.anaconda.org/conda-forge/linux-64/_openmp_mutex-4.5-2_gnu.tar.bz2
  sha256: fbe2c5e56a653bebb982eda4876a9178aedfc2b545f25d0ce9c4c0b508253d22
  md5: 73aaf86a425cc6e73fcf236a5a46396d
  depends:
  - _libgcc_mutex 0.1 conda_forge
  - libgomp >=7.5.0
  constrains:
  - openmp_impl 9999
  license: BSD-3-Clause
  license_family: BSD
  size: 23621
  timestamp: 1650670423406
- kind: conda
  name: bzip2
  version: 1.0.8
  build: h4bc722e_7
  build_number: 7
  subdir: linux-64
  url: https://conda.anaconda.org/conda-forge/linux-64/bzip2-1.0.8-h4bc722e_7.conda
  sha256: 5ced96500d945fb286c9c838e54fa759aa04a7129c59800f0846b4335cee770d
  md5: 62ee74e96c5ebb0af99386de58cf9553
  depends:
  - __glibc >=2.17,<3.0.a0
  - libgcc-ng >=12
  license: bzip2-1.0.6
  license_family: BSD
  size: 252783
  timestamp: 1720974456583
- kind: conda
  name: bzip2
  version: 1.0.8
  build: h99b78c6_7
  build_number: 7
  subdir: osx-arm64
  url: https://conda.anaconda.org/conda-forge/osx-arm64/bzip2-1.0.8-h99b78c6_7.conda
  sha256: adfa71f158cbd872a36394c56c3568e6034aa55c623634b37a4836bd036e6b91
  md5: fc6948412dbbbe9a4c9ddbbcfe0a79ab
  depends:
  - __osx >=11.0
  license: bzip2-1.0.6
  license_family: BSD
  size: 122909
  timestamp: 1720974522888
- kind: conda
  name: c-ares
  version: 1.32.3
  build: h4bc722e_0
  subdir: linux-64
  url: https://conda.anaconda.org/conda-forge/linux-64/c-ares-1.32.3-h4bc722e_0.conda
  sha256: 3c5a844bb60b0d52d89c3f1bd828c9856417fe33a6102fd8bbd5c13c3351704a
  md5: 7624e34ee6baebfc80d67bac76cc9d9d
  depends:
  - __glibc >=2.17,<3.0.a0
  - libgcc-ng >=12
  license: MIT
  license_family: MIT
  size: 179736
  timestamp: 1721834714515
- kind: conda
  name: c-ares
  version: 1.32.3
  build: h99b78c6_0
  subdir: osx-arm64
  url: https://conda.anaconda.org/conda-forge/osx-arm64/c-ares-1.32.3-h99b78c6_0.conda
  sha256: dc8e2c2508295595675fb829345a156b0bb42b164271c2fcafb7fb193449bcf8
  md5: c27bebc62991ab075b773f86ba64aa9b
  depends:
  - __osx >=11.0
  license: MIT
  license_family: MIT
  size: 157977
  timestamp: 1721834921671
- kind: conda
  name: ca-certificates
  version: 2024.7.4
  build: hbcca054_0
  subdir: linux-64
  url: https://conda.anaconda.org/conda-forge/linux-64/ca-certificates-2024.7.4-hbcca054_0.conda
  sha256: c1548a3235376f464f9931850b64b02492f379b2f2bb98bc786055329b080446
  md5: 23ab7665c5f63cfb9f1f6195256daac6
  license: ISC
  size: 154853
  timestamp: 1720077432978
- kind: conda
  name: ca-certificates
  version: 2024.7.4
  build: hf0a4a13_0
  subdir: osx-arm64
  url: https://conda.anaconda.org/conda-forge/osx-arm64/ca-certificates-2024.7.4-hf0a4a13_0.conda
  sha256: 33a61116dae7f369b6ce92a7f2a1ff361ae737c675a493b11feb5570b89e0e3b
  md5: 21f9a33e5fe996189e470c19c5354dbe
  license: ISC
  size: 154517
  timestamp: 1720077468981
- kind: conda
  name: cmake
  version: 3.30.1
  build: had79d8f_0
  subdir: osx-arm64
  url: https://conda.anaconda.org/conda-forge/osx-arm64/cmake-3.30.1-had79d8f_0.conda
  sha256: c3cabb652ab4a60e80f04206d6fdfab2e9986d4f78bce4e3463b23e20840c1c5
  md5: 89e94714671778a68b469145e8d6742a
  depends:
  - __osx >=11.0
  - bzip2 >=1.0.8,<2.0a0
  - libcurl >=8.8.0,<9.0a0
  - libcxx >=16
  - libexpat >=2.6.2,<3.0a0
  - libuv >=1.48.0,<2.0a0
  - libzlib >=1.3.1,<2.0a0
  - ncurses >=6.5,<7.0a0
  - rhash >=1.4.4,<2.0a0
  - xz >=5.2.6,<6.0a0
  - zstd >=1.5.6,<1.6.0a0
  license: BSD-3-Clause
  license_family: BSD
  size: 16050013
  timestamp: 1721337923985
- kind: conda
  name: cmake
  version: 3.30.1
  build: hf8c4bd3_0
  subdir: linux-64
  url: https://conda.anaconda.org/conda-forge/linux-64/cmake-3.30.1-hf8c4bd3_0.conda
  sha256: f84fc78df72bb62d8b591e8b70b93666591fc75001c0ff8ffaad1bbe20423def
  md5: 00fbbeb23c2bdb01ba59c5ee33ce1475
  depends:
  - __glibc >=2.17,<3.0.a0
  - bzip2 >=1.0.8,<2.0a0
  - libcurl >=8.8.0,<9.0a0
  - libexpat >=2.6.2,<3.0a0
  - libgcc-ng >=12
  - libstdcxx-ng >=12
  - libuv >=1.48.0,<2.0a0
  - libzlib >=1.3.1,<2.0a0
  - ncurses >=6.5,<7.0a0
  - rhash >=1.4.4,<2.0a0
  - xz >=5.2.6,<6.0a0
  - zstd >=1.5.6,<1.6.0a0
  license: BSD-3-Clause
  license_family: BSD
  size: 19199583
  timestamp: 1721337000178
- kind: conda
  name: keyutils
  version: 1.6.1
  build: h166bdaf_0
  subdir: linux-64
  url: https://conda.anaconda.org/conda-forge/linux-64/keyutils-1.6.1-h166bdaf_0.tar.bz2
  sha256: 150c05a6e538610ca7c43beb3a40d65c90537497a4f6a5f4d15ec0451b6f5ebb
  md5: 30186d27e2c9fa62b45fb1476b7200e3
  depends:
  - libgcc-ng >=10.3.0
  license: LGPL-2.1-or-later
  size: 117831
  timestamp: 1646151697040
- kind: conda
  name: krb5
  version: 1.21.3
  build: h237132a_0
  subdir: osx-arm64
  url: https://conda.anaconda.org/conda-forge/osx-arm64/krb5-1.21.3-h237132a_0.conda
  sha256: 4442f957c3c77d69d9da3521268cad5d54c9033f1a73f99cde0a3658937b159b
  md5: c6dc8a0fdec13a0565936655c33069a1
  depends:
  - __osx >=11.0
  - libcxx >=16
  - libedit >=3.1.20191231,<3.2.0a0
  - libedit >=3.1.20191231,<4.0a0
  - openssl >=3.3.1,<4.0a0
  license: MIT
  license_family: MIT
  size: 1155530
  timestamp: 1719463474401
- kind: conda
  name: krb5
  version: 1.21.3
  build: h659f571_0
  subdir: linux-64
  url: https://conda.anaconda.org/conda-forge/linux-64/krb5-1.21.3-h659f571_0.conda
  sha256: 99df692f7a8a5c27cd14b5fb1374ee55e756631b9c3d659ed3ee60830249b238
  md5: 3f43953b7d3fb3aaa1d0d0723d91e368
  depends:
  - keyutils >=1.6.1,<2.0a0
  - libedit >=3.1.20191231,<3.2.0a0
  - libedit >=3.1.20191231,<4.0a0
  - libgcc-ng >=12
  - libstdcxx-ng >=12
  - openssl >=3.3.1,<4.0a0
  license: MIT
  license_family: MIT
  size: 1370023
  timestamp: 1719463201255
- kind: conda
  name: libcurl
  version: 8.9.1
  build: hdb1bdb2_0
  subdir: linux-64
  url: https://conda.anaconda.org/conda-forge/linux-64/libcurl-8.9.1-hdb1bdb2_0.conda
  sha256: 0ba60f83709068e9ec1ab543af998cb5a201c8379c871205447684a34b5abfd8
  md5: 7da1d242ca3591e174a3c7d82230d3c0
  depends:
  - krb5 >=1.21.3,<1.22.0a0
  - libgcc-ng >=12
  - libnghttp2 >=1.58.0,<2.0a0
  - libssh2 >=1.11.0,<2.0a0
  - libzlib >=1.3.1,<2.0a0
  - openssl >=3.3.1,<4.0a0
  - zstd >=1.5.6,<1.6.0a0
  license: curl
  license_family: MIT
  size: 416057
  timestamp: 1722439924963
- kind: conda
  name: libcurl
  version: 8.9.1
  build: hfd8ffcc_0
  subdir: osx-arm64
  url: https://conda.anaconda.org/conda-forge/osx-arm64/libcurl-8.9.1-hfd8ffcc_0.conda
  sha256: 4d6006c866844a39fb835436a48407f54f2310111a6f1d3e89efb16cf5c4d81b
  md5: be0f46c6362775504d8894bd788a45b2
  depends:
  - krb5 >=1.21.3,<1.22.0a0
  - libnghttp2 >=1.58.0,<2.0a0
  - libssh2 >=1.11.0,<2.0a0
  - libzlib >=1.3.1,<2.0a0
  - openssl >=3.3.1,<4.0a0
  - zstd >=1.5.6,<1.6.0a0
  license: curl
  license_family: MIT
  size: 374937
  timestamp: 1722440523552
- kind: conda
  name: libcxx
  version: 18.1.8
  build: h167917d_2
  build_number: 2
  subdir: osx-arm64
  url: https://conda.anaconda.org/conda-forge/osx-arm64/libcxx-18.1.8-h167917d_2.conda
  sha256: 001b211de6264f7160f4e781efbff11cd67a326f67b7d6b07e6278fcb0cc2f50
  md5: 15656a04159b40ab98e02b46b52b7919
  depends:
  - __osx >=11.0
  license: Apache-2.0 WITH LLVM-exception
  license_family: Apache
  size: 1220245
  timestamp: 1722378613893
- kind: conda
  name: libedit
  version: 3.1.20191231
  build: hc8eb9b7_2
  build_number: 2
  subdir: osx-arm64
  url: https://conda.anaconda.org/conda-forge/osx-arm64/libedit-3.1.20191231-hc8eb9b7_2.tar.bz2
  sha256: 3912636197933ecfe4692634119e8644904b41a58f30cad9d1fc02f6ba4d9fca
  md5: 30e4362988a2623e9eb34337b83e01f9
  depends:
  - ncurses >=6.2,<7.0.0a0
  license: BSD-2-Clause
  license_family: BSD
  size: 96607
  timestamp: 1597616630749
- kind: conda
  name: libedit
  version: 3.1.20191231
  build: he28a2e2_2
  build_number: 2
  subdir: linux-64
  url: https://conda.anaconda.org/conda-forge/linux-64/libedit-3.1.20191231-he28a2e2_2.tar.bz2
  sha256: a57d37c236d8f7c886e01656f4949d9dcca131d2a0728609c6f7fa338b65f1cf
  md5: 4d331e44109e3f0e19b4cb8f9b82f3e1
  depends:
  - libgcc-ng >=7.5.0
  - ncurses >=6.2,<7.0.0a0
  license: BSD-2-Clause
  license_family: BSD
  size: 123878
  timestamp: 1597616541093
- kind: conda
  name: libev
  version: '4.33'
  build: h93a5062_2
  build_number: 2
  subdir: osx-arm64
  url: https://conda.anaconda.org/conda-forge/osx-arm64/libev-4.33-h93a5062_2.conda
  sha256: 95cecb3902fbe0399c3a7e67a5bed1db813e5ab0e22f4023a5e0f722f2cc214f
  md5: 36d33e440c31857372a72137f78bacf5
  license: BSD-2-Clause
  license_family: BSD
  size: 107458
  timestamp: 1702146414478
- kind: conda
  name: libev
  version: '4.33'
  build: hd590300_2
  build_number: 2
  subdir: linux-64
  url: https://conda.anaconda.org/conda-forge/linux-64/libev-4.33-hd590300_2.conda
  sha256: 1cd6048169fa0395af74ed5d8f1716e22c19a81a8a36f934c110ca3ad4dd27b4
  md5: 172bf1cd1ff8629f2b1179945ed45055
  depends:
  - libgcc-ng >=12
  license: BSD-2-Clause
  license_family: BSD
  size: 112766
  timestamp: 1702146165126
- kind: conda
  name: libexpat
  version: 2.6.2
  build: h59595ed_0
  subdir: linux-64
  url: https://conda.anaconda.org/conda-forge/linux-64/libexpat-2.6.2-h59595ed_0.conda
  sha256: 331bb7c7c05025343ebd79f86ae612b9e1e74d2687b8f3179faec234f986ce19
  md5: e7ba12deb7020dd080c6c70e7b6f6a3d
  depends:
  - libgcc-ng >=12
  constrains:
  - expat 2.6.2.*
  license: MIT
  license_family: MIT
  size: 73730
  timestamp: 1710362120304
- kind: conda
  name: libexpat
  version: 2.6.2
  build: hebf3989_0
  subdir: osx-arm64
  url: https://conda.anaconda.org/conda-forge/osx-arm64/libexpat-2.6.2-hebf3989_0.conda
  sha256: ba7173ac30064ea901a4c9fb5a51846dcc25512ceb565759be7d18cbf3e5415e
  md5: e3cde7cfa87f82f7cb13d482d5e0ad09
  constrains:
  - expat 2.6.2.*
  license: MIT
  license_family: MIT
  size: 63655
  timestamp: 1710362424980
- kind: conda
  name: libgcc-ng
  version: 14.1.0
  build: h77fa898_0
  subdir: linux-64
  url: https://conda.anaconda.org/conda-forge/linux-64/libgcc-ng-14.1.0-h77fa898_0.conda
  sha256: b8e869ac96591cda2704bf7e77a301025e405227791a0bddf14a3dac65125538
  md5: ca0fad6a41ddaef54a153b78eccb5037
  depends:
  - _libgcc_mutex 0.1 conda_forge
  - _openmp_mutex >=4.5
  constrains:
  - libgomp 14.1.0 h77fa898_0
  license: GPL-3.0-only WITH GCC-exception-3.1
  license_family: GPL
  size: 842109
  timestamp: 1719538896937
- kind: conda
  name: libgomp
  version: 14.1.0
  build: h77fa898_0
  subdir: linux-64
  url: https://conda.anaconda.org/conda-forge/linux-64/libgomp-14.1.0-h77fa898_0.conda
  sha256: 7699df61a1f6c644b3576a40f54791561f2845983120477a16116b951c9cdb05
  md5: ae061a5ed5f05818acdf9adab72c146d
  depends:
  - _libgcc_mutex 0.1 conda_forge
  license: GPL-3.0-only WITH GCC-exception-3.1
  license_family: GPL
  size: 456925
  timestamp: 1719538796073
- kind: conda
  name: libnghttp2
  version: 1.58.0
  build: h47da74e_1
  build_number: 1
  subdir: linux-64
  url: https://conda.anaconda.org/conda-forge/linux-64/libnghttp2-1.58.0-h47da74e_1.conda
  sha256: 1910c5306c6aa5bcbd623c3c930c440e9c77a5a019008e1487810e3c1d3716cb
  md5: 700ac6ea6d53d5510591c4344d5c989a
  depends:
  - c-ares >=1.23.0,<2.0a0
  - libev >=4.33,<4.34.0a0
  - libev >=4.33,<5.0a0
  - libgcc-ng >=12
  - libstdcxx-ng >=12
  - libzlib >=1.2.13,<2.0.0a0
  - openssl >=3.2.0,<4.0a0
  license: MIT
  license_family: MIT
  size: 631936
  timestamp: 1702130036271
- kind: conda
  name: libnghttp2
  version: 1.58.0
  build: ha4dd798_1
  build_number: 1
  subdir: osx-arm64
  url: https://conda.anaconda.org/conda-forge/osx-arm64/libnghttp2-1.58.0-ha4dd798_1.conda
  sha256: fc97aaaf0c6d0f508be313d86c2705b490998d382560df24be918b8e977802cd
  md5: 1813e066bfcef82de579a0be8a766df4
  depends:
  - __osx >=10.9
  - c-ares >=1.23.0,<2.0a0
  - libcxx >=16.0.6
  - libev >=4.33,<4.34.0a0
  - libev >=4.33,<5.0a0
  - libzlib >=1.2.13,<2.0.0a0
  - openssl >=3.2.0,<4.0a0
  license: MIT
  license_family: MIT
  size: 565451
  timestamp: 1702130473930
- kind: conda
  name: libssh2
  version: 1.11.0
  build: h0841786_0
  subdir: linux-64
  url: https://conda.anaconda.org/conda-forge/linux-64/libssh2-1.11.0-h0841786_0.conda
  sha256: 50e47fd9c4f7bf841a11647ae7486f65220cfc988ec422a4475fe8d5a823824d
  md5: 1f5a58e686b13bcfde88b93f547d23fe
  depends:
  - libgcc-ng >=12
  - libzlib >=1.2.13,<2.0.0a0
  - openssl >=3.1.1,<4.0a0
  license: BSD-3-Clause
  license_family: BSD
  size: 271133
  timestamp: 1685837707056
- kind: conda
  name: libssh2
  version: 1.11.0
  build: h7a5bd25_0
  subdir: osx-arm64
  url: https://conda.anaconda.org/conda-forge/osx-arm64/libssh2-1.11.0-h7a5bd25_0.conda
  sha256: bb57d0c53289721fff1eeb3103a1c6a988178e88d8a8f4345b0b91a35f0e0015
  md5: 029f7dc931a3b626b94823bc77830b01
  depends:
  - libzlib >=1.2.13,<2.0.0a0
  - openssl >=3.1.1,<4.0a0
  license: BSD-3-Clause
  license_family: BSD
  size: 255610
  timestamp: 1685837894256
- kind: conda
  name: libstdcxx-ng
  version: 14.1.0
  build: hc0a3c3a_0
  subdir: linux-64
  url: https://conda.anaconda.org/conda-forge/linux-64/libstdcxx-ng-14.1.0-hc0a3c3a_0.conda
  sha256: 88c42b388202ffe16adaa337e36cf5022c63cf09b0405cf06fc6aeacccbe6146
  md5: 1cb187a157136398ddbaae90713e2498
  depends:
  - libgcc-ng 14.1.0 h77fa898_0
  license: GPL-3.0-only WITH GCC-exception-3.1
  license_family: GPL
  size: 3881307
  timestamp: 1719538923443
- kind: conda
  name: libuv
  version: 1.48.0
  build: h93a5062_0
  subdir: osx-arm64
  url: https://conda.anaconda.org/conda-forge/osx-arm64/libuv-1.48.0-h93a5062_0.conda
  sha256: 60bed2a7a85096387ab0381cbc32ea2da7f8dd99bd90e440983019c0cdd96ad1
  md5: abfd49e80f13453b62a56be226120ea8
  license: MIT
  license_family: MIT
  size: 405988
  timestamp: 1709913494015
- kind: conda
  name: libuv
  version: 1.48.0
  build: hd590300_0
  subdir: linux-64
  url: https://conda.anaconda.org/conda-forge/linux-64/libuv-1.48.0-hd590300_0.conda
  sha256: b7c0e8a0c93c2621be7645b37123d4e8d27e8a974da26a3fba47a9c37711aa7f
  md5: 7e8b914b1062dd4386e3de4d82a3ead6
  depends:
  - libgcc-ng >=12
  license: MIT
  license_family: MIT
  size: 899979
  timestamp: 1709913354710
- kind: conda
  name: libzlib
  version: 1.3.1
  build: h4ab18f5_1
  build_number: 1
  subdir: linux-64
  url: https://conda.anaconda.org/conda-forge/linux-64/libzlib-1.3.1-h4ab18f5_1.conda
  sha256: adf6096f98b537a11ae3729eaa642b0811478f0ea0402ca67b5108fe2cb0010d
  md5: 57d7dc60e9325e3de37ff8dffd18e814
  depends:
  - libgcc-ng >=12
  constrains:
  - zlib 1.3.1 *_1
  license: Zlib
  license_family: Other
  size: 61574
  timestamp: 1716874187109
- kind: conda
  name: libzlib
  version: 1.3.1
  build: hfb2fe0b_1
  build_number: 1
  subdir: osx-arm64
  url: https://conda.anaconda.org/conda-forge/osx-arm64/libzlib-1.3.1-hfb2fe0b_1.conda
  sha256: c34365dd37b0eab27b9693af32a1f7f284955517c2cc91f1b88a7ef4738ff03e
  md5: 636077128927cf79fd933276dc3aed47
  depends:
  - __osx >=11.0
  constrains:
  - zlib 1.3.1 *_1
  license: Zlib
  license_family: Other
  size: 46921
  timestamp: 1716874262512
- kind: conda
  name: ncurses
  version: '6.5'
  build: h59595ed_0
  subdir: linux-64
  url: https://conda.anaconda.org/conda-forge/linux-64/ncurses-6.5-h59595ed_0.conda
  sha256: 4fc3b384f4072b68853a0013ea83bdfd3d66b0126e2238e1d6e1560747aa7586
  md5: fcea371545eda051b6deafb24889fc69
  depends:
  - libgcc-ng >=12
  license: X11 AND BSD-3-Clause
  size: 887465
  timestamp: 1715194722503
- kind: conda
  name: ncurses
  version: '6.5'
  build: hb89a1cb_0
  subdir: osx-arm64
  url: https://conda.anaconda.org/conda-forge/osx-arm64/ncurses-6.5-hb89a1cb_0.conda
  sha256: 87d7cf716d9d930dab682cb57b3b8d3a61940b47d6703f3529a155c938a6990a
  md5: b13ad5724ac9ae98b6b4fd87e4500ba4
  license: X11 AND BSD-3-Clause
  size: 795131
  timestamp: 1715194898402
- kind: conda
  name: openssl
  version: 3.3.1
  build: h4bc722e_2
  build_number: 2
  subdir: linux-64
  url: https://conda.anaconda.org/conda-forge/linux-64/openssl-3.3.1-h4bc722e_2.conda
  sha256: b294b3cc706ad1048cdb514f0db3da9f37ae3fcc0c53a7104083dd0918adb200
  md5: e1b454497f9f7c1147fdde4b53f1b512
  depends:
  - __glibc >=2.17,<3.0.a0
  - ca-certificates
  - libgcc-ng >=12
  constrains:
  - pyopenssl >=22.1
  license: Apache-2.0
  license_family: Apache
  size: 2895213
  timestamp: 1721194688955
- kind: conda
  name: openssl
  version: 3.3.1
  build: hfb2fe0b_2
  build_number: 2
  subdir: osx-arm64
  url: https://conda.anaconda.org/conda-forge/osx-arm64/openssl-3.3.1-hfb2fe0b_2.conda
  sha256: dd7d988636f74473ebdfe15e05c5aabdb53a1d2a846c839d62289b0c37f81548
  md5: 9b551a504c1cc8f8b7b22c01814da8ba
  depends:
  - __osx >=11.0
  - ca-certificates
  constrains:
  - pyopenssl >=22.1
  license: Apache-2.0
  license_family: Apache
  size: 2899682
  timestamp: 1721194599446
- kind: conda
  name: rhash
  version: 1.4.4
  build: hb547adb_0
  subdir: osx-arm64
  url: https://conda.anaconda.org/conda-forge/osx-arm64/rhash-1.4.4-hb547adb_0.conda
  sha256: 3ab595e2280ed2118b6b1e8ce7e5949da2047846c81b6af1bbf5ac859d062edd
  md5: 710c4b1abf65b697c1d9716eba16dbb0
  license: MIT
  license_family: MIT
  size: 177491
  timestamp: 1693456037505
- kind: conda
  name: rhash
  version: 1.4.4
  build: hd590300_0
  subdir: linux-64
  url: https://conda.anaconda.org/conda-forge/linux-64/rhash-1.4.4-hd590300_0.conda
  sha256: 12711d2d4a808a503c2e49b25d26ecb351435521e814c154e682dd2be71c2611
  md5: ec972a9a2925ac8d7a19eb9606561fff
  depends:
  - libgcc-ng >=12
  license: MIT
  license_family: MIT
  size: 185144
  timestamp: 1693455923632
- kind: conda
  name: xz
  version: 5.2.6
  build: h166bdaf_0
  subdir: linux-64
  url: https://conda.anaconda.org/conda-forge/linux-64/xz-5.2.6-h166bdaf_0.tar.bz2
  sha256: 03a6d28ded42af8a347345f82f3eebdd6807a08526d47899a42d62d319609162
  md5: 2161070d867d1b1204ea749c8eec4ef0
  depends:
  - libgcc-ng >=12
  license: LGPL-2.1 and GPL-2.0
  size: 418368
  timestamp: 1660346797927
- kind: conda
  name: xz
  version: 5.2.6
  build: h57fd34a_0
  subdir: osx-arm64
  url: https://conda.anaconda.org/conda-forge/osx-arm64/xz-5.2.6-h57fd34a_0.tar.bz2
  sha256: 59d78af0c3e071021cfe82dc40134c19dab8cdf804324b62940f5c8cd71803ec
  md5: 39c6b54e94014701dd157f4f576ed211
  license: LGPL-2.1 and GPL-2.0
  size: 235693
  timestamp: 1660346961024
- kind: conda
  name: zstd
  version: 1.5.6
  build: ha6fb4c9_0
  subdir: linux-64
  url: https://conda.anaconda.org/conda-forge/linux-64/zstd-1.5.6-ha6fb4c9_0.conda
  sha256: c558b9cc01d9c1444031bd1ce4b9cff86f9085765f17627a6cd85fc623c8a02b
  md5: 4d056880988120e29d75bfff282e0f45
  depends:
  - libgcc-ng >=12
  - libstdcxx-ng >=12
  - libzlib >=1.2.13,<2.0.0a0
  license: BSD-3-Clause
  license_family: BSD
  size: 554846
  timestamp: 1714722996770
- kind: conda
  name: zstd
  version: 1.5.6
  build: hb46c0d2_0
  subdir: osx-arm64
  url: https://conda.anaconda.org/conda-forge/osx-arm64/zstd-1.5.6-hb46c0d2_0.conda
  sha256: 2d4fd1ff7ee79cd954ca8e81abf11d9d49954dd1fef80f27289e2402ae9c2e09
  md5: d96942c06c3e84bfcc5efb038724a7fd
  depends:
  - __osx >=11.0
  - libzlib >=1.2.13,<2.0.0a0
  license: BSD-3-Clause
  license_family: BSD
  size: 405089
  timestamp: 1714723101397
